
Microsoft Visual Studio Solution File, Format Version 12.00
# Visual Studio 15
VisualStudioVersion = 15.0.28307.421
MinimumVisualStudioVersion = 10.0.40219.1
Project("{9A19103F-16F7-4668-BE54-9A1E7A4F7556}") = "dir2abou", "dir2abou\dir2abou.csproj", "{042BBF04-E6F1-45EA-A370-774645786ED1}"
EndProject
Project("{FAE04EC0-301F-11D3-BF4B-00C04F79EFBC}") = "AbouApiTest", "AbouApiTest\AbouApiTest.csproj", "{7FEFF2EA-A38E-4616-969C-E629D24373A6}"
EndProject
Project("{FAE04EC0-301F-11D3-BF4B-00C04F79EFBC}") = "AbouApi", "AbouApi\AbouApi.csproj", "{F8D5EC06-5BC9-4F7C-8E97-350AB55BB026}"
EndProject
Global
	GlobalSection(SolutionConfigurationPlatforms) = preSolution
		Debug|Any CPU = Debug|Any CPU
		Release|Any CPU = Release|Any CPU
	EndGlobalSection
	GlobalSection(ProjectConfigurationPlatforms) = postSolution
		{042BBF04-E6F1-45EA-A370-774645786ED1}.Debug|Any CPU.ActiveCfg = Debug|Any CPU
		{042BBF04-E6F1-45EA-A370-774645786ED1}.Debug|Any CPU.Build.0 = Debug|Any CPU
		{042BBF04-E6F1-45EA-A370-774645786ED1}.Release|Any CPU.ActiveCfg = Release|Any CPU
		{042BBF04-E6F1-45EA-A370-774645786ED1}.Release|Any CPU.Build.0 = Release|Any CPU
		{7FEFF2EA-A38E-4616-969C-E629D24373A6}.Debug|Any CPU.ActiveCfg = Debug|Any CPU
		{7FEFF2EA-A38E-4616-969C-E629D24373A6}.Debug|Any CPU.Build.0 = Debug|Any CPU
		{7FEFF2EA-A38E-4616-969C-E629D24373A6}.Release|Any CPU.ActiveCfg = Release|Any CPU
		{7FEFF2EA-A38E-4616-969C-E629D24373A6}.Release|Any CPU.Build.0 = Release|Any CPU
		{F8D5EC06-5BC9-4F7C-8E97-350AB55BB026}.Debug|Any CPU.ActiveCfg = Debug|Any CPU
		{F8D5EC06-5BC9-4F7C-8E97-350AB55BB026}.Debug|Any CPU.Build.0 = Debug|Any CPU
		{F8D5EC06-5BC9-4F7C-8E97-350AB55BB026}.Release|Any CPU.ActiveCfg = Release|Any CPU
		{F8D5EC06-5BC9-4F7C-8E97-350AB55BB026}.Release|Any CPU.Build.0 = Release|Any CPU
	EndGlobalSection
	GlobalSection(SolutionProperties) = preSolution
		HideSolutionNode = FALSE
	EndGlobalSection
	GlobalSection(ExtensibilityGlobals) = postSolution
		SolutionGuid = {25A99BE1-0662-4B88-8E7D-F145E4867F67}
	EndGlobalSection
EndGlobal
